
Microsoft Visual Studio Solution File, Format Version 12.00
# Visual Studio Version 16
VisualStudioVersion = 16.0.30225.117
MinimumVisualStudioVersion = 10.0.40219.1
Project("{FAE04EC0-301F-11D3-BF4B-00C04F79EFBC}") = "ui_tests", "ui_tests\ui_tests.csproj", "{55D9F458-80EB-4921-8274-F69165CFEB5E}"
EndProject
Global
	GlobalSection(SolutionConfigurationPlatforms) = preSolution
		Debug|Any CPU = Debug|Any CPU
		Release|Any CPU = Release|Any CPU
	EndGlobalSection
	GlobalSection(ProjectConfigurationPlatforms) = postSolution
		{55D9F458-80EB-4921-8274-F69165CFEB5E}.Debug|Any CPU.ActiveCfg = Debug|Any CPU
		{55D9F458-80EB-4921-8274-F69165CFEB5E}.Debug|Any CPU.Build.0 = Debug|Any CPU
		{55D9F458-80EB-4921-8274-F69165CFEB5E}.Release|Any CPU.ActiveCfg = Release|Any CPU
		{55D9F458-80EB-4921-8274-F69165CFEB5E}.Release|Any CPU.Build.0 = Release|Any CPU
	EndGlobalSection
	GlobalSection(SolutionProperties) = preSolution
		HideSolutionNode = FALSE
	EndGlobalSection
	GlobalSection(ExtensibilityGlobals) = postSolution
		SolutionGuid = {C5EEC082-6373-48AE-9136-55396E19C826}
	EndGlobalSection
EndGlobal
